{
  "name": "node.js_express-demo",
  "version": "1.0.0",
  "lockfileVersion": 1,
  "requires": true,
  "dependencies": {
    "align-text": {
      "version": "0.1.4",
      "resolved": "https://registry.npmjs.org/align-text/-/align-text-0.1.4.tgz",
      "integrity": "sha1-DNkKVhCT810KmSVsIrcGlDP60Rc=",
      "dev": true,
      "requires": {
        "kind-of": "^3.0.2",
        "longest": "^1.0.1",
        "repeat-string": "^1.5.2"
      }
    },
    "amdefine": {
      "version": "1.0.1",
      "resolved": "https://registry.npmjs.org/amdefine/-/amdefine-1.0.1.tgz",
      "integrity": "sha1-SlKCrBZHKek2Gbz9OtFR+BfOkfU=",
      "dev": true
    },
    "async": {
      "version": "1.5.2",
      "resolved": "https://registry.npmjs.org/async/-/async-1.5.2.tgz",
      "integrity": "sha1-7GphrlZIDAw8skHJVhjiCJL5Zyo=",
      "dev": true
    },
    "camelcase": {
      "version": "1.2.1",
      "resolved": "https://registry.npmjs.org/camelcase/-/camelcase-1.2.1.tgz",
      "integrity": "sha1-m7UwTS4LVmmLLHWLCKPqqdqlijk=",
      "dev": true,
      "optional": true
    },
    "center-align": {
      "version": "0.1.3",
      "resolved": "https://registry.npmjs.org/center-align/-/center-align-0.1.3.tgz",
      "integrity": "sha1-qg0yYptu6XIgBBHL1EYckHvCt60=",
      "dev": true,
      "optional": true,
      "requires": {
        "align-text": "^0.1.3",
        "lazy-cache": "^1.0.3"
      }
    },
    "cliui": {
      "version": "2.1.0",
      "resolved": "https://registry.npmjs.org/cliui/-/cliui-2.1.0.tgz",
      "integrity": "sha1-S0dXYP+AJkx2LDoXGQMukcf+oNE=",
      "dev": true,
      "optional": true,
      "requires": {
        "center-align": "^0.1.1",
        "right-align": "^0.1.1",
        "wordwrap": "0.0.2"
      },
      "dependencies": {
        "wordwrap": {
          "version": "0.0.2",
          "resolved": "https://registry.npmjs.org/wordwrap/-/wordwrap-0.0.2.tgz",
          "integrity": "sha1-t5Zpu0LstAn4PVg8rVLKF+qhZD8=",
          "dev": true,
          "optional": true
        }
      }
    },
    "decamelize": {
      "version": "1.2.0",
      "resolved": "https://registry.npmjs.org/decamelize/-/decamelize-1.2.0.tgz",
      "integrity": "sha1-9lNNFRSCabIDUue+4m9QH5oZEpA=",
      "dev": true,
      "optional": true
    },
    "express": {
      "version": "4.16.3",
      "resolved": "http://registry.npm.taobao.org/express/download/express-4.16.3.tgz",
      "dependencies": {
        "accepts": {
          "version": "http://registry.npm.taobao.org/accepts/download/accepts-1.3.5.tgz",
          "bundled": true,
          "dependencies": {
            "mime-types": {
              "version": "http://registry.npm.taobao.org/mime-types/download/mime-types-2.1.18.tgz",
              "bundled": true
            },
            "negotiator": {
              "version": "http://registry.npm.taobao.org/negotiator/download/negotiator-0.6.1.tgz",
              "bundled": true
            }
          }
        },
        "array-flatten": {
          "version": "http://registry.npm.taobao.org/array-flatten/download/array-flatten-1.1.1.tgz",
          "bundled": true
        },
        "body-parser": {
          "version": "http://registry.npm.taobao.org/body-parser/download/body-parser-1.18.2.tgz",
          "bundled": true
        },
        "content-disposition": {
          "version": "http://registry.npm.taobao.org/content-disposition/download/content-disposition-0.5.2.tgz",
          "bundled": true
        },
        "content-type": {
          "version": "http://registry.npm.taobao.org/content-type/download/content-type-1.0.4.tgz",
          "bundled": true
        },
        "cookie": {
          "version": "http://registry.npm.taobao.org/cookie/download/cookie-0.3.1.tgz",
          "bundled": true
        },
        "cookie-signature": {
          "version": "http://registry.npm.taobao.org/cookie-signature/download/cookie-signature-1.0.6.tgz",
          "bundled": true
        },
        "debug": {
          "version": "http://registry.npm.taobao.org/debug/download/debug-2.6.9.tgz",
          "bundled": true,
          "dependencies": {
            "ms": {
              "version": "http://registry.npm.taobao.org/ms/download/ms-2.0.0.tgz",
              "bundled": true
            }
          }
        },
        "depd": {
          "version": "http://registry.npm.taobao.org/depd/download/depd-1.1.2.tgz",
          "bundled": true
        },
        "encodeurl": {
          "version": "http://registry.npm.taobao.org/encodeurl/download/encodeurl-1.0.2.tgz",
          "bundled": true
        },
        "escape-html": {
          "version": "http://registry.npm.taobao.org/escape-html/download/escape-html-1.0.3.tgz",
          "bundled": true
        },
        "etag": {
          "version": "http://registry.npm.taobao.org/etag/download/etag-1.8.1.tgz",
          "bundled": true
        },
        "finalhandler": {
          "version": "http://registry.npm.taobao.org/finalhandler/download/finalhandler-1.1.1.tgz",
          "bundled": true
        },
        "fresh": {
          "version": "http://registry.npm.taobao.org/fresh/download/fresh-0.5.2.tgz",
          "bundled": true
        },
        "merge-descriptors": {
          "version": "http://registry.npm.taobao.org/merge-descriptors/download/merge-descriptors-1.0.1.tgz",
          "bundled": true
        },
        "methods": {
          "version": "http://registry.npm.taobao.org/methods/download/methods-1.1.2.tgz",
          "bundled": true
        },
        "on-finished": {
          "version": "http://registry.npm.taobao.org/on-finished/download/on-finished-2.3.0.tgz",
          "bundled": true,
          "dependencies": {
            "ee-first": {
              "version": "http://registry.npm.taobao.org/ee-first/download/ee-first-1.1.1.tgz",
              "bundled": true
            }
          }
        },
        "parseurl": {
          "version": "http://registry.npm.taobao.org/parseurl/download/parseurl-1.3.2.tgz",
          "bundled": true
        },
        "path-to-regexp": {
          "version": "http://registry.npm.taobao.org/path-to-regexp/download/path-to-regexp-0.1.7.tgz",
          "bundled": true
        },
        "proxy-addr": {
          "version": "http://registry.npm.taobao.org/proxy-addr/download/proxy-addr-2.0.3.tgz",
          "bundled": true
        },
        "qs": {
          "version": "http://registry.npm.taobao.org/qs/download/qs-6.5.1.tgz",
          "bundled": true
        },
        "range-parser": {
          "version": "http://registry.npm.taobao.org/range-parser/download/range-parser-1.2.0.tgz",
          "bundled": true
        },
        "safe-buffer": {
          "version": "http://registry.npm.taobao.org/safe-buffer/download/safe-buffer-5.1.1.tgz",
          "bundled": true
        },
        "send": {
          "version": "http://registry.npm.taobao.org/send/download/send-0.16.2.tgz",
          "bundled": true
        },
        "serve-static": {
          "version": "http://registry.npm.taobao.org/serve-static/download/serve-static-1.13.2.tgz",
          "bundled": true
        },
        "setprototypeof": {
          "version": "http://registry.npm.taobao.org/setprototypeof/download/setprototypeof-1.1.0.tgz",
          "bundled": true
        },
        "statuses": {
          "version": "http://registry.npm.taobao.org/statuses/download/statuses-1.4.0.tgz",
          "bundled": true
        },
        "type-is": {
          "version": "http://registry.npm.taobao.org/type-is/download/type-is-1.6.16.tgz",
          "bundled": true,
          "dependencies": {
            "media-typer": {
              "version": "http://registry.npm.taobao.org/media-typer/download/media-typer-0.3.0.tgz"
            },
            "mime-types": {
              "version": "http://registry.npm.taobao.org/mime-types/download/mime-types-2.1.18.tgz",
              "dependencies": {
                "mime-db": {
                  "version": "http://registry.npm.taobao.org/mime-db/download/mime-db-1.33.0.tgz",
                  "bundled": true
                }
              }
            }
          }
        },
        "utils-merge": {
          "version": "http://registry.npm.taobao.org/utils-merge/download/utils-merge-1.0.1.tgz",
          "bundled": true
        },
        "vary": {
          "version": "http://registry.npm.taobao.org/vary/download/vary-1.1.2.tgz",
          "bundled": true
        }
      }
    },
    "foreachasync": {
      "version": "3.0.0",
      "resolved": "https://registry.npmjs.org/foreachasync/-/foreachasync-3.0.0.tgz",
      "integrity": "sha1-VQKYfchxS+M5IJfzLgBxyd7gfPY=",
      "dev": true
    },
    "handlebars": {
      "version": "4.0.5",
      "resolved": "https://registry.npmjs.org/handlebars/-/handlebars-4.0.5.tgz",
      "integrity": "sha1-ksbta7FkEQxQ1NjQ+93HCAbG+Oc=",
      "dev": true,
      "requires": {
        "async": "^1.4.0",
        "optimist": "^0.6.1",
        "source-map": "^0.4.4",
        "uglify-js": "^2.6"
      }
    },
    "hbs": {
      "version": "4.0.1",
      "resolved": "https://registry.npmjs.org/hbs/-/hbs-4.0.1.tgz",
      "integrity": "sha1-S/2YZQ3IydrESzyprfnAmOi8M7Y=",
      "dev": true,
      "requires": {
        "handlebars": "4.0.5",
        "walk": "2.3.9"
      }
    },
    "is-buffer": {
      "version": "1.1.6",
      "resolved": "https://registry.npmjs.org/is-buffer/-/is-buffer-1.1.6.tgz",
      "integrity": "sha512-NcdALwpXkTm5Zvvbk7owOUSvVvBKDgKP5/ewfXEznmQFfs4ZRmanOeKBTjRVjka3QFoN6XJ+9F3USqfHqTaU5w==",
      "dev": true
    },
    "kind-of": {
      "version": "3.2.2",
      "resolved": "https://registry.npmjs.org/kind-of/-/kind-of-3.2.2.tgz",
      "integrity": "sha1-MeohpzS6ubuw8yRm2JOupR5KPGQ=",
      "dev": true,
      "requires": {
        "is-buffer": "^1.1.5"
      }
    },
    "lazy-cache": {
      "version": "1.0.4",
      "resolved": "https://registry.npmjs.org/lazy-cache/-/lazy-cache-1.0.4.tgz",
      "integrity": "sha1-odePw6UEdMuAhF07O24dpJpEbo4=",
      "dev": true,
      "optional": true
    },
    "longest": {
      "version": "1.0.1",
      "resolved": "https://registry.npmjs.org/longest/-/longest-1.0.1.tgz",
      "integrity": "sha1-MKCy2jj3N3DoKUoNIuZiXtd9AJc=",
      "dev": true
    },
    "minimist": {
      "version": "0.0.10",
      "resolved": "https://registry.npmjs.org/minimist/-/minimist-0.0.10.tgz",
      "integrity": "sha1-3j+YVD2/lggr5IrRoMfNqDYwHc8=",
      "dev": true
    },
    "optimist": {
      "version": "0.6.1",
      "resolved": "https://registry.npmjs.org/optimist/-/optimist-0.6.1.tgz",
      "integrity": "sha1-2j6nRob6IaGaERwybpDrFaAZZoY=",
      "dev": true,
      "requires": {
        "minimist": "~0.0.1",
        "wordwrap": "~0.0.2"
      }
    },
    "repeat-string": {
      "version": "1.6.1",
      "resolved": "https://registry.npmjs.org/repeat-string/-/repeat-string-1.6.1.tgz",
      "integrity": "sha1-jcrkcOHIirwtYA//Sndihtp15jc=",
      "dev": true
    },
    "right-align": {
      "version": "0.1.3",
      "resolved": "https://registry.npmjs.org/right-align/-/right-align-0.1.3.tgz",
      "integrity": "sha1-YTObci/mo1FWiSENJOFMlhSGE+8=",
      "dev": true,
      "optional": true,
      "requires": {
        "align-text": "^0.1.1"
      }
    },
    "source-map": {
      "version": "0.4.4",
      "resolved": "https://registry.npmjs.org/source-map/-/source-map-0.4.4.tgz",
      "integrity": "sha1-66T12pwNyZneaAMti092FzZSA2s=",
      "dev": true,
      "requires": {
        "amdefine": ">=0.0.4"
      }
    },
    "uglify-js": {
      "version": "2.8.29",
      "resolved": "https://registry.npmjs.org/uglify-js/-/uglify-js-2.8.29.tgz",
      "integrity": "sha1-KcVzMUgFe7Th913zW3qcty5qWd0=",
      "dev": true,
      "optional": true,
      "requires": {
        "source-map": "~0.5.1",
        "uglify-to-browserify": "~1.0.0",
        "yargs": "~3.10.0"
      },
      "dependencies": {
        "source-map": {
          "version": "0.5.7",
          "resolved": "https://registry.npmjs.org/source-map/-/source-map-0.5.7.tgz",
          "integrity": "sha1-igOdLRAh0i0eoUyA2OpGi6LvP8w=",
          "dev": true,
          "optional": true
        }
      }
    },
    "uglify-to-browserify": {
      "version": "1.0.2",
      "resolved": "https://registry.npmjs.org/uglify-to-browserify/-/uglify-to-browserify-1.0.2.tgz",
      "integrity": "sha1-bgkk1r2mta/jSeOabWMoUKD4grc=",
      "dev": true,
      "optional": true
    },
    "walk": {
      "version": "2.3.9",
      "resolved": "https://registry.npmjs.org/walk/-/walk-2.3.9.tgz",
      "integrity": "sha1-MbTbZnjyrgHDnqn7hyWpAx5Vins=",
      "dev": true,
      "requires": {
        "foreachasync": "^3.0.0"
      }
    },
    "window-size": {
      "version": "0.1.0",
      "resolved": "https://registry.npmjs.org/window-size/-/window-size-0.1.0.tgz",
      "integrity": "sha1-VDjNLqk7IC76Ohn+iIeu58lPnJ0=",
      "dev": true,
      "optional": true
    },
    "wordwrap": {
      "version": "0.0.3",
      "resolved": "https://registry.npmjs.org/wordwrap/-/wordwrap-0.0.3.tgz",
      "integrity": "sha1-o9XabNXAvAAI03I0u68b7WMFkQc=",
      "dev": true
    },
    "yargs": {
      "version": "3.10.0",
      "resolved": "https://registry.npmjs.org/yargs/-/yargs-3.10.0.tgz",
      "integrity": "sha1-9+572FfdfB0tOMDnTvvWgdFDH9E=",
      "dev": true,
      "optional": true,
      "requires": {
        "camelcase": "^1.0.2",
        "cliui": "^2.1.0",
        "decamelize": "^1.0.0",
        "window-size": "0.1.0"
      }
    }
  }
}
